
Microsoft Visual Studio Solution File, Format Version 12.00
# Visual Studio Version 17
VisualStudioVersion = 17.8.34309.116
MinimumVisualStudioVersion = 10.0.40219.1
Project("{FAE04EC0-301F-11D3-BF4B-00C04F79EFBC}") = "COMP72070_Sec3_Group9_Winter_2024", "COMP72070_Sec3_Group9_Winter_2024\COMP72070_Sec3_Group9_Winter_2024.csproj", "{BFFA47C4-AEB7-4729-AAB4-F6893108BEF5}"
EndProject
Global
	GlobalSection(SolutionConfigurationPlatforms) = preSolution
		Debug|Any CPU = Debug|Any CPU
		Release|Any CPU = Release|Any CPU
	EndGlobalSection
	GlobalSection(ProjectConfigurationPlatforms) = postSolution
		{BFFA47C4-AEB7-4729-AAB4-F6893108BEF5}.Debug|Any CPU.ActiveCfg = Debug|Any CPU
		{BFFA47C4-AEB7-4729-AAB4-F6893108BEF5}.Debug|Any CPU.Build.0 = Debug|Any CPU
		{BFFA47C4-AEB7-4729-AAB4-F6893108BEF5}.Release|Any CPU.ActiveCfg = Release|Any CPU
		{BFFA47C4-AEB7-4729-AAB4-F6893108BEF5}.Release|Any CPU.Build.0 = Release|Any CPU
	EndGlobalSection
	GlobalSection(SolutionProperties) = preSolution
		HideSolutionNode = FALSE
	EndGlobalSection
	GlobalSection(ExtensibilityGlobals) = postSolution
		SolutionGuid = {15162838-F395-458B-B7F5-2FD7640A4F51}
	EndGlobalSection
EndGlobal
