
Microsoft Visual Studio Solution File, Format Version 12.00
# Visual Studio Version 17
VisualStudioVersion = 17.7.34031.279
MinimumVisualStudioVersion = 10.0.40219.1
Project("{FAE04EC0-301F-11D3-BF4B-00C04F79EFBC}") = "Client", "Logi-Park-Login\Client.csproj", "{71E949E0-F81E-451E-939A-5CCFD15DE9BC}"
EndProject
Project("{9A19103F-16F7-4668-BE54-9A1E7A4F7556}") = "Server", "Server\Server.csproj", "{60E8B0ED-E65B-4685-BB95-7659A9A3A2AB}"
EndProject
Project("{9A19103F-16F7-4668-BE54-9A1E7A4F7556}") = "Server_Test_Suite", "Server_Test_Suite\Server_Test_Suite.csproj", "{D23FC528-A374-4306-A5BA-D1CF518DE2F9}"
EndProject
Project("{9A19103F-16F7-4668-BE54-9A1E7A4F7556}") = "Client_Test_Suite", "Client_Test_Suite\Client_Test_Suite.csproj", "{38A1D731-8493-4D4E-8941-1973BEC325EA}"
EndProject
Project("{FAE04EC0-301F-11D3-BF4B-00C04F79EFBC}") = "Server_Testing", "Server_Testing\Server_Testing.csproj", "{7951F4F3-60FE-4E44-8389-75BFE10F402E}"
EndProject
Global
	GlobalSection(SolutionConfigurationPlatforms) = preSolution
		Debug|Any CPU = Debug|Any CPU
		Release|Any CPU = Release|Any CPU
	EndGlobalSection
	GlobalSection(ProjectConfigurationPlatforms) = postSolution
		{71E949E0-F81E-451E-939A-5CCFD15DE9BC}.Debug|Any CPU.ActiveCfg = Debug|Any CPU
		{71E949E0-F81E-451E-939A-5CCFD15DE9BC}.Debug|Any CPU.Build.0 = Debug|Any CPU
		{71E949E0-F81E-451E-939A-5CCFD15DE9BC}.Release|Any CPU.ActiveCfg = Release|Any CPU
		{71E949E0-F81E-451E-939A-5CCFD15DE9BC}.Release|Any CPU.Build.0 = Release|Any CPU
		{60E8B0ED-E65B-4685-BB95-7659A9A3A2AB}.Debug|Any CPU.ActiveCfg = Debug|Any CPU
		{60E8B0ED-E65B-4685-BB95-7659A9A3A2AB}.Debug|Any CPU.Build.0 = Debug|Any CPU
		{60E8B0ED-E65B-4685-BB95-7659A9A3A2AB}.Release|Any CPU.ActiveCfg = Release|Any CPU
		{60E8B0ED-E65B-4685-BB95-7659A9A3A2AB}.Release|Any CPU.Build.0 = Release|Any CPU
		{D23FC528-A374-4306-A5BA-D1CF518DE2F9}.Debug|Any CPU.ActiveCfg = Debug|Any CPU
		{D23FC528-A374-4306-A5BA-D1CF518DE2F9}.Debug|Any CPU.Build.0 = Debug|Any CPU
		{D23FC528-A374-4306-A5BA-D1CF518DE2F9}.Release|Any CPU.ActiveCfg = Release|Any CPU
		{D23FC528-A374-4306-A5BA-D1CF518DE2F9}.Release|Any CPU.Build.0 = Release|Any CPU
		{38A1D731-8493-4D4E-8941-1973BEC325EA}.Debug|Any CPU.ActiveCfg = Debug|Any CPU
		{38A1D731-8493-4D4E-8941-1973BEC325EA}.Debug|Any CPU.Build.0 = Debug|Any CPU
		{38A1D731-8493-4D4E-8941-1973BEC325EA}.Release|Any CPU.ActiveCfg = Release|Any CPU
		{38A1D731-8493-4D4E-8941-1973BEC325EA}.Release|Any CPU.Build.0 = Release|Any CPU
		{7951F4F3-60FE-4E44-8389-75BFE10F402E}.Debug|Any CPU.ActiveCfg = Debug|Any CPU
		{7951F4F3-60FE-4E44-8389-75BFE10F402E}.Debug|Any CPU.Build.0 = Debug|Any CPU
		{7951F4F3-60FE-4E44-8389-75BFE10F402E}.Release|Any CPU.ActiveCfg = Release|Any CPU
		{7951F4F3-60FE-4E44-8389-75BFE10F402E}.Release|Any CPU.Build.0 = Release|Any CPU
	EndGlobalSection
	GlobalSection(SolutionProperties) = preSolution
		HideSolutionNode = FALSE
	EndGlobalSection
	GlobalSection(ExtensibilityGlobals) = postSolution
		SolutionGuid = {76E6AAF7-7DD3-4E6E-A2F3-5F95500EDCBF}
	EndGlobalSection
EndGlobal
